# This file is automatically @generated by Cargo.
# It is not intended for manual editing.
version = 3

[[package]]
name = "switchboard-cli"
version = "0.1.0"
dependencies = [
 "switchboard-core",
 "switchboard-providers",
 "switchboard-store",
]

[[package]]
name = "switchboard-core"
version = "0.1.0"

[[package]]
name = "switchboard-providers"
version = "0.1.0"
dependencies = [
 "switchboard-core",
]

[[package]]
name = "switchboard-store"
version = "0.1.0"
dependencies = [
 "switchboard-core",
]
